<?xml version="1.0" encoding="utf-8"?>
<Project ToolsVersion="4.0" xmlns="http://schemas.microsoft.com/developer/msbuild/2003">
  <ItemGroup>
    <Filter Include="System">
      <UniqueIdentifier>{addde1a0-25f0-4057-9504-0098bd06bb96}</UniqueIdentifier>
    </Filter>
    <Filter Include="Object">
      <UniqueIdentifier>{19142558-f1bf-41b8-942c-fb4719f1eeb1}</UniqueIdentifier>
    </Filter>
    <Filter Include="Main">
      <UniqueIdentifier>{85c13383-a9b8-4001-a6ea-08382e2469c8}</UniqueIdentifier>
    </Filter>
    <Filter Include="System\Scene">
      <UniqueIdentifier>{8e1c0618-8de9-424e-b8f5-3bcd87cfb607}</UniqueIdentifier>
    </Filter>
    <Filter Include="System\Scene\SceneBase">
      <UniqueIdentifier>{59813b31-fa87-4ab4-9b54-f4f591028617}</UniqueIdentifier>
    </Filter>
    <Filter Include="System\Scene\SceneManager">
      <UniqueIdentifier>{33784467-afc2-4ca0-920b-a8ea4601ff63}</UniqueIdentifier>
    </Filter>
    <Filter Include="System\Scene\SceneChanger">
      <UniqueIdentifier>{8216672e-bf56-4225-acfb-d45a75cd1fb1}</UniqueIdentifier>
    </Filter>
    <Filter Include="System\Common">
      <UniqueIdentifier>{4a9d4812-4718-45e3-bca4-348d5a476889}</UniqueIdentifier>
    </Filter>
    <Filter Include="System\FPSController">
      <UniqueIdentifier>{94503290-5d32-47ab-8bd7-51fb72f1f48c}</UniqueIdentifier>
    </Filter>
    <Filter Include="System\Scene\SceneType">
      <UniqueIdentifier>{00ea8f6d-b32c-4e0a-af20-a413e4c67d2a}</UniqueIdentifier>
    </Filter>
    <Filter Include="System\Scene\SceneType\GameScene">
      <UniqueIdentifier>{3b9abb5a-368d-4ea5-a638-6b608896dd67}</UniqueIdentifier>
    </Filter>
    <Filter Include="System\Scene\SceneType\OpeningScene">
      <UniqueIdentifier>{ffc90c3e-fc19-41c5-83b5-d4a285eabc10}</UniqueIdentifier>
    </Filter>
    <Filter Include="System\Scene\SceneType\TitleScene">
      <UniqueIdentifier>{8e36ab04-8876-4c83-a73b-8db495e7b151}</UniqueIdentifier>
    </Filter>
    <Filter Include="System\Load">
      <UniqueIdentifier>{3762fb5b-10cf-415c-b9d7-76fabe33d816}</UniqueIdentifier>
    </Filter>
    <Filter Include="System\Scene\SceneType\GameOverScene">
      <UniqueIdentifier>{a98c6e34-1252-4b54-8e4e-546e149610d7}</UniqueIdentifier>
    </Filter>
    <Filter Include="System\Scene\SceneType\GameClearScene">
      <UniqueIdentifier>{a2bf0325-88cc-4404-9616-377c1047212a}</UniqueIdentifier>
    </Filter>
    <Filter Include="Object\Scene">
      <UniqueIdentifier>{26b2d921-0896-47e6-949a-d154d95fbeb5}</UniqueIdentifier>
    </Filter>
    <Filter Include="Object\Scene\GameOver">
      <UniqueIdentifier>{f42ca86b-13e5-4733-bb98-9b681d1c287b}</UniqueIdentifier>
    </Filter>
    <Filter Include="Object\Scene\GameClear">
      <UniqueIdentifier>{2cc3095b-4677-4eed-9291-629acc2f646c}</UniqueIdentifier>
    </Filter>
    <Filter Include="Object\Scene\Opening">
      <UniqueIdentifier>{7304b243-2c8f-4803-9dd0-13813e06bc3a}</UniqueIdentifier>
    </Filter>
    <Filter Include="Object\Scene\Title">
      <UniqueIdentifier>{748e3e59-5c85-40d1-a40e-414426c9cb98}</UniqueIdentifier>
    </Filter>
    <Filter Include="Object\Scene\Game">
      <UniqueIdentifier>{3995f382-d15d-4cc2-aeed-3ef3fe9309c3}</UniqueIdentifier>
    </Filter>
    <Filter Include="Object\Scene\Game\Character">
      <UniqueIdentifier>{3eb0e4b2-9a6f-4822-8128-275ef73b9039}</UniqueIdentifier>
    </Filter>
    <Filter Include="Object\Scene\Game\Character\Enemy">
      <UniqueIdentifier>{038d9c94-ae4b-4db9-baad-5fc2ffa89ec7}</UniqueIdentifier>
    </Filter>
    <Filter Include="Object\Scene\Game\Character\Player">
      <UniqueIdentifier>{3849006c-dec0-4744-9ee3-bb80565da764}</UniqueIdentifier>
    </Filter>
    <Filter Include="Object\Scene\Game\Camera">
      <UniqueIdentifier>{22a780ec-3061-4ee9-a145-8906c6f1befb}</UniqueIdentifier>
    </Filter>
    <Filter Include="Object\Scene\Game\Collision">
      <UniqueIdentifier>{81794503-8605-4977-a70d-f8cebd2ed49c}</UniqueIdentifier>
    </Filter>
    <Filter Include="Object\Scene\Game\Effect">
      <UniqueIdentifier>{b87444f0-9897-4ed7-845f-b31c98743dcd}</UniqueIdentifier>
    </Filter>
    <Filter Include="Object\Scene\Game\Character\Shadow">
      <UniqueIdentifier>{9ff3fc56-5979-4ea3-a78e-3a6c77cc5e16}</UniqueIdentifier>
    </Filter>
    <Filter Include="Object\Scene\Game\Stage">
      <UniqueIdentifier>{9c37692c-7908-463e-a34a-e2eaf5cdd45d}</UniqueIdentifier>
    </Filter>
    <Filter Include="Object\Scene\Game\Character\CharacterBase">
      <UniqueIdentifier>{b1710920-8543-40b4-ae06-00f88ae792db}</UniqueIdentifier>
    </Filter>
    <Filter Include="Object\Scene\Game\Character\Player\PlayerBase">
      <UniqueIdentifier>{66eba19b-aef9-4677-81e7-9053640ccdf4}</UniqueIdentifier>
    </Filter>
    <Filter Include="Object\Scene\Game\Character\Player\PlayerType">
      <UniqueIdentifier>{d9208e84-aa31-4d58-834e-be00912bc440}</UniqueIdentifier>
    </Filter>
    <Filter Include="Object\Scene\Game\Character\Enemy\Base">
      <UniqueIdentifier>{a9ab5e82-56d5-415f-9b5f-2ab8da7833e7}</UniqueIdentifier>
    </Filter>
    <Filter Include="Object\Scene\Game\Character\Enemy\EnemyType">
      <UniqueIdentifier>{53442b7f-bfed-4d36-aadd-6b5575d01448}</UniqueIdentifier>
    </Filter>
    <Filter Include="Object\Scene\Game\Character\Enemy\EnemyType\Boss">
      <UniqueIdentifier>{f4d4c588-7687-455f-a142-e95930c5238f}</UniqueIdentifier>
    </Filter>
    <Filter Include="Object\Scene\Game\Character\Enemy\EnemyType\StrongEnemy">
      <UniqueIdentifier>{624f97ba-d5ca-43d6-9c1e-8910fa7e2656}</UniqueIdentifier>
    </Filter>
    <Filter Include="Object\Scene\Game\Character\Enemy\EnemyType\WeakEnemy">
      <UniqueIdentifier>{09e2dd88-d654-43a3-8f91-4f0f32513fcb}</UniqueIdentifier>
    </Filter>
    <Filter Include="Object\Scene\Game\Character\Enemy\EnemyManager">
      <UniqueIdentifier>{1f510927-2086-44fd-9073-2c2b0e32264d}</UniqueIdentifier>
    </Filter>
    <Filter Include="Object\Scene\Game\Character\CharacterStatus">
      <UniqueIdentifier>{1b5995f9-fcfe-4d0c-8b67-39039679d2af}</UniqueIdentifier>
    </Filter>
    <Filter Include="Object\Scene\Game\Animation">
      <UniqueIdentifier>{ef9121d6-d113-4e46-9c06-b91df429b5cc}</UniqueIdentifier>
    </Filter>
    <Filter Include="Object\Scene\Game\StatusManager">
      <UniqueIdentifier>{9ed03698-16e3-49ef-93c7-5e12180f52bd}</UniqueIdentifier>
    </Filter>
    <Filter Include="Object\Scene\Game\Timer">
      <UniqueIdentifier>{1fe96ad6-b40c-415e-a416-cbfad0469f1b}</UniqueIdentifier>
    </Filter>
    <Filter Include="Object\Scene\Game\Skydome">
      <UniqueIdentifier>{61d2ed56-3ef2-422d-97b7-ca2f71c8bb9e}</UniqueIdentifier>
    </Filter>
    <Filter Include="Object\Scene\Game\Stage\StageBase">
      <UniqueIdentifier>{e424f208-105a-4c83-9b14-9326118598a4}</UniqueIdentifier>
    </Filter>
    <Filter Include="Object\Scene\Game\Stage\Ground">
      <UniqueIdentifier>{70590f87-e87a-4af5-b315-a1f8138ce58e}</UniqueIdentifier>
    </Filter>
    <Filter Include="Object\Scene\Game\Stage\StageManager">
      <UniqueIdentifier>{abdcd726-d910-45f6-b6da-4f5a11302090}</UniqueIdentifier>
    </Filter>
    <Filter Include="Object\Scene\Game\Stage\StageChanger">
      <UniqueIdentifier>{b723fa97-e68c-4fa9-b4a1-e00f601401f7}</UniqueIdentifier>
    </Filter>
    <Filter Include="Object\Scene\Game\Character\Player\PlayerManager">
      <UniqueIdentifier>{9979043d-44b7-429c-88e6-b0be02218471}</UniqueIdentifier>
    </Filter>
    <Filter Include="Object\Scene\Game\Character\Player\SwordTrail">
      <UniqueIdentifier>{b9455fae-9e36-41f9-a749-af24d2fa2c66}</UniqueIdentifier>
    </Filter>
  </ItemGroup>
  <ItemGroup>
    <ClCompile Include="Main.cpp">
      <Filter>Main</Filter>
    </ClCompile>
    <ClCompile Include="SceneBase.cpp">
      <Filter>System\Scene\SceneBase</Filter>
    </ClCompile>
    <ClCompile Include="SceneManager.cpp">
      <Filter>System\Scene\SceneManager</Filter>
    </ClCompile>
    <ClCompile Include="SceneChanger.cpp">
      <Filter>System\Scene\SceneChanger</Filter>
    </ClCompile>
    <ClCompile Include="Common.cpp">
      <Filter>System\Common</Filter>
    </ClCompile>
    <ClCompile Include="FPSController.cpp">
      <Filter>System\FPSController</Filter>
    </ClCompile>
    <ClCompile Include="GameScene.cpp">
      <Filter>System\Scene\SceneType\GameScene</Filter>
    </ClCompile>
    <ClCompile Include="OpeningScene.cpp">
      <Filter>System\Scene\SceneType\OpeningScene</Filter>
    </ClCompile>
    <ClCompile Include="TItleScene.cpp">
      <Filter>System\Scene\SceneType\TitleScene</Filter>
    </ClCompile>
    <ClCompile Include="Load.cpp">
      <Filter>System\Load</Filter>
    </ClCompile>
    <ClCompile Include="GameClearScene.cpp">
      <Filter>System\Scene\SceneType\GameClearScene</Filter>
    </ClCompile>
    <ClCompile Include="GameOverScene.cpp">
      <Filter>System\Scene\SceneType\GameOverScene</Filter>
    </ClCompile>
    <ClCompile Include="GameOver.cpp">
      <Filter>Object\Scene\GameOver</Filter>
    </ClCompile>
    <ClCompile Include="GameClear.cpp">
      <Filter>Object\Scene\GameClear</Filter>
    </ClCompile>
    <ClCompile Include="Opening.cpp">
      <Filter>Object\Scene\Opening</Filter>
    </ClCompile>
    <ClCompile Include="Title.cpp">
      <Filter>Object\Scene\Title</Filter>
    </ClCompile>
    <ClCompile Include="Game.cpp">
      <Filter>Object\Scene\Game</Filter>
    </ClCompile>
    <ClCompile Include="Camera.cpp">
      <Filter>Object\Scene\Game\Camera</Filter>
    </ClCompile>
    <ClCompile Include="Collision.cpp">
      <Filter>Object\Scene\Game\Collision</Filter>
    </ClCompile>
    <ClCompile Include="EffectBase.cpp">
      <Filter>Object\Scene\Game\Effect</Filter>
    </ClCompile>
    <ClCompile Include="EffectManager.cpp">
      <Filter>Object\Scene\Game\Effect</Filter>
    </ClCompile>
    <ClCompile Include="Shadow.cpp">
      <Filter>Object\Scene\Game\Character\Shadow</Filter>
    </ClCompile>
    <ClCompile Include="SpreadEffect.cpp">
      <Filter>Object\Scene\Game\Effect</Filter>
    </ClCompile>
    <ClCompile Include="CharacterBase.cpp">
      <Filter>Object\Scene\Game\Character\CharacterBase</Filter>
    </ClCompile>
    <ClCompile Include="PlayerBase.cpp">
      <Filter>Object\Scene\Game\Character\Player\PlayerBase</Filter>
    </ClCompile>
    <ClCompile Include="SwordGirl.cpp">
      <Filter>Object\Scene\Game\Character\Player\PlayerType</Filter>
    </ClCompile>
    <ClCompile Include="Boss.cpp">
      <Filter>Object\Scene\Game\Character\Enemy\EnemyType\Boss</Filter>
    </ClCompile>
    <ClCompile Include="EnemyBase.cpp">
      <Filter>Object\Scene\Game\Character\Enemy\Base</Filter>
    </ClCompile>
    <ClCompile Include="StrongEnemy.cpp">
      <Filter>Object\Scene\Game\Character\Enemy\EnemyType\StrongEnemy</Filter>
    </ClCompile>
    <ClCompile Include="WeakEnemy.cpp">
      <Filter>Object\Scene\Game\Character\Enemy\EnemyType\WeakEnemy</Filter>
    </ClCompile>
    <ClCompile Include="EnemyManager.cpp">
      <Filter>Object\Scene\Game\Character\Enemy\EnemyManager</Filter>
    </ClCompile>
    <ClCompile Include="CharacterStatus.cpp">
      <Filter>Object\Scene\Game\Character\CharacterStatus</Filter>
    </ClCompile>
    <ClCompile Include="Animation.cpp">
      <Filter>Object\Scene\Game\Animation</Filter>
    </ClCompile>
    <ClCompile Include="StatusManager.cpp">
      <Filter>Object\Scene\Game\StatusManager</Filter>
    </ClCompile>
    <ClCompile Include="Timer.cpp">
      <Filter>Object\Scene\Game\Timer</Filter>
    </ClCompile>
    <ClCompile Include="Skydome.cpp">
      <Filter>Object\Scene\Game\Skydome</Filter>
    </ClCompile>
    <ClCompile Include="StageBase.cpp">
      <Filter>Object\Scene\Game\Stage\StageBase</Filter>
    </ClCompile>
    <ClCompile Include="Ground.cpp">
      <Filter>Object\Scene\Game\Stage\Ground</Filter>
    </ClCompile>
    <ClCompile Include="StageManager.cpp">
      <Filter>Object\Scene\Game\Stage\StageManager</Filter>
    </ClCompile>
    <ClCompile Include="StageChanger.cpp">
      <Filter>Object\Scene\Game\Stage\StageChanger</Filter>
    </ClCompile>
    <ClCompile Include="PlayerManager.cpp">
      <Filter>Object\Scene\Game\Character\Player\PlayerManager</Filter>
    </ClCompile>
    <ClCompile Include="SwordTrail.cpp">
      <Filter>Object\Scene\Game\Character\Player\SwordTrail</Filter>
    </ClCompile>
  </ItemGroup>
  <ItemGroup>
    <ClInclude Include="SceneBase.h">
      <Filter>System\Scene\SceneBase</Filter>
    </ClInclude>
    <ClInclude Include="SceneManager.h">
      <Filter>System\Scene\SceneManager</Filter>
    </ClInclude>
    <ClInclude Include="SceneChanger.h">
      <Filter>System\Scene\SceneChanger</Filter>
    </ClInclude>
    <ClInclude Include="Common.h">
      <Filter>System\Common</Filter>
    </ClInclude>
    <ClInclude Include="FPSController.h">
      <Filter>System\FPSController</Filter>
    </ClInclude>
    <ClInclude Include="GameScene.h">
      <Filter>System\Scene\SceneType\GameScene</Filter>
    </ClInclude>
    <ClInclude Include="OpeningScene.h">
      <Filter>System\Scene\SceneType\OpeningScene</Filter>
    </ClInclude>
    <ClInclude Include="TitleScene.h">
      <Filter>System\Scene\SceneType\TitleScene</Filter>
    </ClInclude>
    <ClInclude Include="Load.h">
      <Filter>System\Load</Filter>
    </ClInclude>
    <ClInclude Include="GameClearScene.h">
      <Filter>System\Scene\SceneType\GameClearScene</Filter>
    </ClInclude>
    <ClInclude Include="GameOverScene.h">
      <Filter>System\Scene\SceneType\GameOverScene</Filter>
    </ClInclude>
    <ClInclude Include="GameOver.h">
      <Filter>Object\Scene\GameOver</Filter>
    </ClInclude>
    <ClInclude Include="GameClear.h">
      <Filter>Object\Scene\GameClear</Filter>
    </ClInclude>
    <ClInclude Include="Opening.h">
      <Filter>Object\Scene\Opening</Filter>
    </ClInclude>
    <ClInclude Include="Title.h">
      <Filter>Object\Scene\Title</Filter>
    </ClInclude>
    <ClInclude Include="Game.h">
      <Filter>Object\Scene\Game</Filter>
    </ClInclude>
    <ClInclude Include="Camera.h">
      <Filter>Object\Scene\Game\Camera</Filter>
    </ClInclude>
    <ClInclude Include="Collision.h">
      <Filter>Object\Scene\Game\Collision</Filter>
    </ClInclude>
    <ClInclude Include="EffectBase.h">
      <Filter>Object\Scene\Game\Effect</Filter>
    </ClInclude>
    <ClInclude Include="EffectManager.h">
      <Filter>Object\Scene\Game\Effect</Filter>
    </ClInclude>
    <ClInclude Include="Shadow.h">
      <Filter>Object\Scene\Game\Character\Shadow</Filter>
    </ClInclude>
    <ClInclude Include="SpreadEffect.h">
      <Filter>Object\Scene\Game\Effect</Filter>
    </ClInclude>
    <ClInclude Include="CharacterBase.h">
      <Filter>Object\Scene\Game\Character\CharacterBase</Filter>
    </ClInclude>
    <ClInclude Include="PlayerBase.h">
      <Filter>Object\Scene\Game\Character\Player\PlayerBase</Filter>
    </ClInclude>
    <ClInclude Include="SwordGirl.h">
      <Filter>Object\Scene\Game\Character\Player\PlayerType</Filter>
    </ClInclude>
    <ClInclude Include="Boss.h">
      <Filter>Object\Scene\Game\Character\Enemy\EnemyType\Boss</Filter>
    </ClInclude>
    <ClInclude Include="EnemyBase.h">
      <Filter>Object\Scene\Game\Character\Enemy\Base</Filter>
    </ClInclude>
    <ClInclude Include="StrongEnemy.h">
      <Filter>Object\Scene\Game\Character\Enemy\EnemyType\StrongEnemy</Filter>
    </ClInclude>
    <ClInclude Include="WeakEnemy.h">
      <Filter>Object\Scene\Game\Character\Enemy\EnemyType\WeakEnemy</Filter>
    </ClInclude>
    <ClInclude Include="EnemyManager.h">
      <Filter>Object\Scene\Game\Character\Enemy\EnemyManager</Filter>
    </ClInclude>
    <ClInclude Include="CharacterStatus.h">
      <Filter>Object\Scene\Game\Character\CharacterStatus</Filter>
    </ClInclude>
    <ClInclude Include="Animation.h">
      <Filter>Object\Scene\Game\Animation</Filter>
    </ClInclude>
    <ClInclude Include="StatusManager.h">
      <Filter>Object\Scene\Game\StatusManager</Filter>
    </ClInclude>
    <ClInclude Include="Timer.h">
      <Filter>Object\Scene\Game\Timer</Filter>
    </ClInclude>
    <ClInclude Include="Skydome.h">
      <Filter>Object\Scene\Game\Skydome</Filter>
    </ClInclude>
    <ClInclude Include="StageBase.h">
      <Filter>Object\Scene\Game\Stage\StageBase</Filter>
    </ClInclude>
    <ClInclude Include="Ground.h">
      <Filter>Object\Scene\Game\Stage\Ground</Filter>
    </ClInclude>
    <ClInclude Include="StageManager.h">
      <Filter>Object\Scene\Game\Stage\StageManager</Filter>
    </ClInclude>
    <ClInclude Include="StageChanger.h">
      <Filter>Object\Scene\Game\Stage\StageChanger</Filter>
    </ClInclude>
    <ClInclude Include="PlayerManager.h">
      <Filter>Object\Scene\Game\Character\Player\PlayerManager</Filter>
    </ClInclude>
    <ClInclude Include="SwordTrail.h">
      <Filter>Object\Scene\Game\Character\Player\SwordTrail</Filter>
    </ClInclude>
  </ItemGroup>
</Project>